
Microsoft Visual Studio Solution File, Format Version 12.00
# Visual Studio Version 17
VisualStudioVersion = 17.11.35431.28
MinimumVisualStudioVersion = 10.0.40219.1
Project("{9A19103F-16F7-4668-BE54-9A1E7A4F7556}") = "GitTreeFilter-testrepo-2", "GitTreeFilter-testrepo-2.csproj", "{3451AF76-0642-4872-AEB4-8566E1D586BB}"
EndProject
Global
	GlobalSection(SolutionConfigurationPlatforms) = preSolution
		Debug|Any CPU = Debug|Any CPU
		Release|Any CPU = Release|Any CPU
	EndGlobalSection
	GlobalSection(ProjectConfigurationPlatforms) = postSolution
		{3451AF76-0642-4872-AEB4-8566E1D586BB}.Debug|Any CPU.ActiveCfg = Debug|Any CPU
		{3451AF76-0642-4872-AEB4-8566E1D586BB}.Debug|Any CPU.Build.0 = Debug|Any CPU
		{3451AF76-0642-4872-AEB4-8566E1D586BB}.Release|Any CPU.ActiveCfg = Release|Any CPU
		{3451AF76-0642-4872-AEB4-8566E1D586BB}.Release|Any CPU.Build.0 = Release|Any CPU
	EndGlobalSection
	GlobalSection(SolutionProperties) = preSolution
		HideSolutionNode = FALSE
	EndGlobalSection
	GlobalSection(ExtensibilityGlobals) = postSolution
		SolutionGuid = {FBD23BFA-7AB3-4D45-BEAE-15BFB850639E}
	EndGlobalSection
EndGlobal
